version = 1
revision = 3
requires-python = ">=3.14"

[[package]]
name = "asgiref"
version = "3.11.1"
source = { registry = "https://pypi.org/simple" }
sdist = { url = "https://files.pythonhosted.org/packages/63/40/f03da1264ae8f7cfdbf9146542e5e7e8100a4c66ab48e791df9a03d3f6c0/asgiref-3.11.1.tar.gz", hash = "sha256:5f184dc43b7e763efe848065441eac62229c9f7b0475f41f80e207a114eda4ce", size = 38550, upload-time = "2026-02-03T13:30:14.33Z" }
wheels = [
    { url = "https://files.pythonhosted.org/packages/5c/0a/a72d10ed65068e115044937873362e6e32fab1b7dce0046aeb224682c989/asgiref-3.11.1-py3-none-any.whl", hash = "sha256:e8667a091e69529631969fd45dc268fa79b99c92c5fcdda727757e52146ec133", size = 24345, upload-time = "2026-02-03T13:30:13.039Z" },
]

[[package]]
name = "django"
version = "6.0.2"
source = { registry = "https://pypi.org/simple" }
dependencies = [
    { name = "asgiref" },
    { name = "sqlparse" },
    { name = "tzdata", marker = "sys_platform == 'win32'" },
]
sdist = { url = "https://files.pythonhosted.org/packages/26/3e/a1c4207c5dea4697b7a3387e26584919ba987d8f9320f59dc0b5c557a4eb/django-6.0.2.tar.gz", hash = "sha256:3046a53b0e40d4b676c3b774c73411d7184ae2745fe8ce5e45c0f33d3ddb71a7", size = 10886874, upload-time = "2026-02-03T13:50:31.596Z" }
wheels = [
    { url = "https://files.pythonhosted.org/packages/96/ba/a6e2992bc5b8c688249c00ea48cb1b7a9bc09839328c81dc603671460928/django-6.0.2-py3-none-any.whl", hash = "sha256:610dd3b13d15ec3f1e1d257caedd751db8033c5ad8ea0e2d1219a8acf446ecc6", size = 8339381, upload-time = "2026-02-03T13:50:15.501Z" },
]

[[package]]
name = "django-browser-reload"
version = "1.21.0"
source = { registry = "https://pypi.org/simple" }
dependencies = [
    { name = "asgiref" },
    { name = "django" },
]
sdist = { url = "https://files.pythonhosted.org/packages/79/ef/ab407c1a2f14e13c75a6419a2d124954aa0364f62580ad95a3d31dc6c73d/django_browser_reload-1.21.0.tar.gz", hash = "sha256:3335ad3d107eb657f623d1a8e680dfbcab8a83ae1f94df1895e069dddf5604ba", size = 15800, upload-time = "2025-09-22T17:00:35.199Z" }
wheels = [
    { url = "https://files.pythonhosted.org/packages/46/61/1b4a8c589652859995bcab87682286443eb9fdf2d7fd584975b9ffc1db33/django_browser_reload-1.21.0-py3-none-any.whl", hash = "sha256:0b2a86ab460774fa9bb142a121c70e75a72f18109f51a4f6de409cd633d3a70d", size = 12852, upload-time = "2025-09-22T17:00:33.479Z" },
]

[[package]]
name = "django-orms"
version = "0.1.0"
source = { virtual = "." }
dependencies = [
    { name = "django" },
    { name = "django-browser-reload" },
    { name = "django-silk" },
]

[package.metadata]
requires-dist = [
    { name = "django", specifier = ">=6.0.2" },
    { name = "django-browser-reload", specifier = ">=1.21.0" },
    { name = "django-silk", specifier = ">=5.4.3" },
]

[[package]]
name = "django-silk"
version = "5.4.3"
source = { registry = "https://pypi.org/simple" }
dependencies = [
    { name = "django" },
    { name = "gprof2dot" },
    { name = "sqlparse" },
]
sdist = { url = "https://files.pythonhosted.org/packages/c5/13/ef9344e4ed6ab6ed0f15d7743e9509545e95f3336ac9bbef4b39aefbabeb/django_silk-5.4.3.tar.gz", hash = "sha256:bedb17c8fd9c029a7746cb947864f5c9ea943ae33d6a9581e60f67c45e4490ad", size = 4495552, upload-time = "2025-09-09T07:13:30.229Z" }
wheels = [
    { url = "https://files.pythonhosted.org/packages/ec/97/bc1f1d0f922144a3807ad15531b93ba474c7538d6f006e98bf8ab77a2f82/django_silk-5.4.3-py3-none-any.whl", hash = "sha256:f7920ae91a34716654296140b2cbf449e9798237a0c6eb7cf2cd79c2cfb39321", size = 1944434, upload-time = "2025-09-09T07:13:50.846Z" },
]

[[package]]
name = "gprof2dot"
version = "2025.4.14"
source = { registry = "https://pypi.org/simple" }
sdist = { url = "https://files.pythonhosted.org/packages/bb/fd/cad13fa1f7a463a607176432c4affa33ea162f02f58cc36de1d40d3e6b48/gprof2dot-2025.4.14.tar.gz", hash = "sha256:35743e2d2ca027bf48fa7cba37021aaf4a27beeae1ae8e05a50b55f1f921a6ce", size = 39536, upload-time = "2025-04-14T07:21:45.76Z" }
wheels = [
    { url = "https://files.pythonhosted.org/packages/71/ed/89d760cb25279109b89eb52975a7b5479700d3114a2421ce735bfb2e7513/gprof2dot-2025.4.14-py3-none-any.whl", hash = "sha256:0742e4c0b4409a5e8777e739388a11e1ed3750be86895655312ea7c20bd0090e", size = 37555, upload-time = "2025-04-14T07:21:43.319Z" },
]

[[package]]
name = "sqlparse"
version = "0.5.5"
source = { registry = "https://pypi.org/simple" }
sdist = { url = "https://files.pythonhosted.org/packages/90/76/437d71068094df0726366574cf3432a4ed754217b436eb7429415cf2d480/sqlparse-0.5.5.tar.gz", hash = "sha256:e20d4a9b0b8585fdf63b10d30066c7c94c5d7a7ec47c889a2d83a3caa93ff28e", size = 120815, upload-time = "2025-12-19T07:17:45.073Z" }
wheels = [
    { url = "https://files.pythonhosted.org/packages/49/4b/359f28a903c13438ef59ebeee215fb25da53066db67b305c125f1c6d2a25/sqlparse-0.5.5-py3-none-any.whl", hash = "sha256:12a08b3bf3eec877c519589833aed092e2444e68240a3577e8e26148acc7b1ba", size = 46138, upload-time = "2025-12-19T07:17:46.573Z" },
]

[[package]]
name = "tzdata"
version = "2025.3"
source = { registry = "https://pypi.org/simple" }
sdist = { url = "https://files.pythonhosted.org/packages/5e/a7/c202b344c5ca7daf398f3b8a477eeb205cf3b6f32e7ec3a6bac0629ca975/tzdata-2025.3.tar.gz", hash = "sha256:de39c2ca5dc7b0344f2eba86f49d614019d29f060fc4ebc8a417896a620b56a7", size = 196772, upload-time = "2025-12-13T17:45:35.667Z" }
wheels = [
    { url = "https://files.pythonhosted.org/packages/c7/b0/003792df09decd6849a5e39c28b513c06e84436a54440380862b5aeff25d/tzdata-2025.3-py2.py3-none-any.whl", hash = "sha256:06a47e5700f3081aab02b2e513160914ff0694bce9947d6b76ebd6bf57cfc5d1", size = 348521, upload-time = "2025-12-13T17:45:33.889Z" },
]
